
Microsoft Visual Studio Solution File, Format Version 12.00
# Visual Studio 15
VisualStudioVersion = 15.0.26730.16
MinimumVisualStudioVersion = 10.0.40219.1
Project("{8BC9CEB8-8B4A-11D0-8D11-00A0C91BC942}") = "02_classes_and_interfaces", "02_classes_and_interfaces.vcxproj", "{73494179-559F-4E77-8FF9-6DC5A65CF6AE}"
EndProject
Global
	GlobalSection(SolutionConfigurationPlatforms) = preSolution
		Debug|x64 = Debug|x64
		Debug|x86 = Debug|x86
		Release|x64 = Release|x64
		Release|x86 = Release|x86
	EndGlobalSection
	GlobalSection(ProjectConfigurationPlatforms) = postSolution
		{73494179-559F-4E77-8FF9-6DC5A65CF6AE}.Debug|x64.ActiveCfg = Debug|x64
		{73494179-559F-4E77-8FF9-6DC5A65CF6AE}.Debug|x64.Build.0 = Debug|x64
		{73494179-559F-4E77-8FF9-6DC5A65CF6AE}.Debug|x86.ActiveCfg = Debug|Win32
		{73494179-559F-4E77-8FF9-6DC5A65CF6AE}.Debug|x86.Build.0 = Debug|Win32
		{73494179-559F-4E77-8FF9-6DC5A65CF6AE}.Release|x64.ActiveCfg = Release|x64
		{73494179-559F-4E77-8FF9-6DC5A65CF6AE}.Release|x64.Build.0 = Release|x64
		{73494179-559F-4E77-8FF9-6DC5A65CF6AE}.Release|x86.ActiveCfg = Release|Win32
		{73494179-559F-4E77-8FF9-6DC5A65CF6AE}.Release|x86.Build.0 = Release|Win32
	EndGlobalSection
	GlobalSection(SolutionProperties) = preSolution
		HideSolutionNode = FALSE
	EndGlobalSection
	GlobalSection(ExtensibilityGlobals) = postSolution
		SolutionGuid = {0B140BBB-CA06-4DAC-8916-AC07A0F8F6D3}
	EndGlobalSection
EndGlobal
